<?xml version="1.0" encoding="UTF-8"?>
<CodeBlocks_project_file>
	<FileVersion major="1" minor="6"/>
	<Project>
		<Option title="shared_mem_writer"/>
		<Option makefile_is_custom="1"/>
		<Option compiler="gcc"/>
		<Option virtualFolders="CMake Files\;"/>
		<Build>
			<Target title="all">
				<Option working_dir="/home/simon/git/note/src/shared_memory/writer"/>
				<Option type="4"/>
				<MakeCommands>
					<Build command="/usr/bin/make -f &quot;/home/simon/git/note/src/shared_memory/writer/Makefile&quot;  VERBOSE=1 all"/>
					<CompileFile command="/usr/bin/make -f &quot;/home/simon/git/note/src/shared_memory/writer/Makefile&quot;  VERBOSE=1 &quot;$file&quot;"/>
					<Clean command="/usr/bin/make -f &quot;/home/simon/git/note/src/shared_memory/writer/Makefile&quot;  VERBOSE=1 clean"/>
					<DistClean command="/usr/bin/make -f &quot;/home/simon/git/note/src/shared_memory/writer/Makefile&quot;  VERBOSE=1 clean"/>
				</MakeCommands>
			</Target>
			<Target title="rebuild_cache">
				<Option working_dir="/home/simon/git/note/src/shared_memory/writer"/>
				<Option type="4"/>
				<MakeCommands>
					<Build command="/usr/bin/make -f &quot;/home/simon/git/note/src/shared_memory/writer/Makefile&quot;  VERBOSE=1 rebuild_cache"/>
					<CompileFile command="/usr/bin/make -f &quot;/home/simon/git/note/src/shared_memory/writer/Makefile&quot;  VERBOSE=1 &quot;$file&quot;"/>
					<Clean command="/usr/bin/make -f &quot;/home/simon/git/note/src/shared_memory/writer/Makefile&quot;  VERBOSE=1 clean"/>
					<DistClean command="/usr/bin/make -f &quot;/home/simon/git/note/src/shared_memory/writer/Makefile&quot;  VERBOSE=1 clean"/>
				</MakeCommands>
			</Target>
			<Target title="shared_mem_writer">
				<Option output="/home/simon/git/note/src/shared_memory/writer/shared_mem_writer" prefix_auto="0" extension_auto="0"/>
				<Option working_dir="/home/simon/git/note/src/shared_memory/writer"/>
				<Option object_output="./"/>
				<Option type="1"/>
				<Option compiler="gcc"/>
				<Compiler/>
				<MakeCommands>
					<Build command="/usr/bin/make -f &quot;/home/simon/git/note/src/shared_memory/writer/Makefile&quot;  VERBOSE=1 shared_mem_writer"/>
					<CompileFile command="/usr/bin/make -f &quot;/home/simon/git/note/src/shared_memory/writer/Makefile&quot;  VERBOSE=1 &quot;$file&quot;"/>
					<Clean command="/usr/bin/make -f &quot;/home/simon/git/note/src/shared_memory/writer/Makefile&quot;  VERBOSE=1 clean"/>
					<DistClean command="/usr/bin/make -f &quot;/home/simon/git/note/src/shared_memory/writer/Makefile&quot;  VERBOSE=1 clean"/>
				</MakeCommands>
			</Target>
			<Target title="shared_mem_writer/fast">
				<Option output="/home/simon/git/note/src/shared_memory/writer/shared_mem_writer" prefix_auto="0" extension_auto="0"/>
				<Option working_dir="/home/simon/git/note/src/shared_memory/writer"/>
				<Option object_output="./"/>
				<Option type="1"/>
				<Option compiler="gcc"/>
				<Compiler/>
				<MakeCommands>
					<Build command="/usr/bin/make -f &quot;/home/simon/git/note/src/shared_memory/writer/Makefile&quot;  VERBOSE=1 shared_mem_writer/fast"/>
					<CompileFile command="/usr/bin/make -f &quot;/home/simon/git/note/src/shared_memory/writer/Makefile&quot;  VERBOSE=1 &quot;$file&quot;"/>
					<Clean command="/usr/bin/make -f &quot;/home/simon/git/note/src/shared_memory/writer/Makefile&quot;  VERBOSE=1 clean"/>
					<DistClean command="/usr/bin/make -f &quot;/home/simon/git/note/src/shared_memory/writer/Makefile&quot;  VERBOSE=1 clean"/>
				</MakeCommands>
			</Target>
			<Target title="edit_cache">
				<Option working_dir="/home/simon/git/note/src/shared_memory/writer"/>
				<Option type="4"/>
				<MakeCommands>
					<Build command="/usr/bin/make -f &quot;/home/simon/git/note/src/shared_memory/writer/Makefile&quot;  VERBOSE=1 edit_cache"/>
					<CompileFile command="/usr/bin/make -f &quot;/home/simon/git/note/src/shared_memory/writer/Makefile&quot;  VERBOSE=1 &quot;$file&quot;"/>
					<Clean command="/usr/bin/make -f &quot;/home/simon/git/note/src/shared_memory/writer/Makefile&quot;  VERBOSE=1 clean"/>
					<DistClean command="/usr/bin/make -f &quot;/home/simon/git/note/src/shared_memory/writer/Makefile&quot;  VERBOSE=1 clean"/>
				</MakeCommands>
			</Target>
		</Build>
		<Unit filename="/home/simon/git/note/src/shared_memory/writer/writer.cpp">
			<Option target="shared_mem_writer"/>
		</Unit>
		<Unit filename="/home/simon/git/note/src/shared_memory/writer/CMakeLists.txt">
			<Option virtualFolder="CMake Files\"/>
		</Unit>
	</Project>
</CodeBlocks_project_file>
